// !$*UTF8*$!
{
	archiveVersion = 1;
	classes = {
	};
	objectVersion = 46;
	objects = {

/* Begin PBXBuildFile section */
		48488E3F1A1EF08600D6A3E4 /* BSNavigationController.m in Sources */ = {isa = PBXBuildFile; fileRef = 48488E3E1A1EF08600D6A3E4 /* BSNavigationController.m */; };
		48488E511A1F2CE400D6A3E4 /* OBDragDropManager.m in Sources */ = {isa = PBXBuildFile; fileRef = 48488E491A1F2CE400D6A3E4 /* OBDragDropManager.m */; };
		48488E521A1F2CE400D6A3E4 /* OBLongPressDragDropGestureRecognizer.m in Sources */ = {isa = PBXBuildFile; fileRef = 48488E4C1A1F2CE400D6A3E4 /* OBLongPressDragDropGestureRecognizer.m */; };
		48488E531A1F2CE400D6A3E4 /* UIGestureRecognizer+OBDragDrop.m in Sources */ = {isa = PBXBuildFile; fileRef = 48488E4E1A1F2CE400D6A3E4 /* UIGestureRecognizer+OBDragDrop.m */; };
		48488E541A1F2CE400D6A3E4 /* UIView+OBDropZone.m in Sources */ = {isa = PBXBuildFile; fileRef = 48488E501A1F2CE400D6A3E4 /* UIView+OBDropZone.m */; };
		487274D71A1DE6E1001F28B8 /* Foundation.framework in Frameworks */ = {isa = PBXBuildFile; fileRef = 487274D61A1DE6E1001F28B8 /* Foundation.framework */; };
		487274D91A1DE6E1001F28B8 /* CoreGraphics.framework in Frameworks */ = {isa = PBXBuildFile; fileRef = 487274D81A1DE6E1001F28B8 /* CoreGraphics.framework */; };
		487274DB1A1DE6E1001F28B8 /* UIKit.framework in Frameworks */ = {isa = PBXBuildFile; fileRef = 487274DA1A1DE6E1001F28B8 /* UIKit.framework */; };
		487274E11A1DE6E1001F28B8 /* InfoPlist.strings in Resources */ = {isa = PBXBuildFile; fileRef = 487274DF1A1DE6E1001F28B8 /* InfoPlist.strings */; };
		487274E31A1DE6E1001F28B8 /* main.m in Sources */ = {isa = PBXBuildFile; fileRef = 487274E21A1DE6E1001F28B8 /* main.m */; };
		487274E71A1DE6E1001F28B8 /* BSAppDelegate.m in Sources */ = {isa = PBXBuildFile; fileRef = 487274E61A1DE6E1001F28B8 /* BSAppDelegate.m */; };
		487274ED1A1DE6E1001F28B8 /* BSViewController.m in Sources */ = {isa = PBXBuildFile; fileRef = 487274EC1A1DE6E1001F28B8 /* BSViewController.m */; };
		487274EF1A1DE6E1001F28B8 /* Images.xcassets in Resources */ = {isa = PBXBuildFile; fileRef = 487274EE1A1DE6E1001F28B8 /* Images.xcassets */; };
		487274F61A1DE6E1001F28B8 /* XCTest.framework in Frameworks */ = {isa = PBXBuildFile; fileRef = 487274F51A1DE6E1001F28B8 /* XCTest.framework */; };
		487274F71A1DE6E1001F28B8 /* Foundation.framework in Frameworks */ = {isa = PBXBuildFile; fileRef = 487274D61A1DE6E1001F28B8 /* Foundation.framework */; };
		487274F81A1DE6E1001F28B8 /* UIKit.framework in Frameworks */ = {isa = PBXBuildFile; fileRef = 487274DA1A1DE6E1001F28B8 /* UIKit.framework */; };
		487275001A1DE6E1001F28B8 /* InfoPlist.strings in Resources */ = {isa = PBXBuildFile; fileRef = 487274FE1A1DE6E1001F28B8 /* InfoPlist.strings */; };
		487275021A1DE6E1001F28B8 /* BrainStormTests.m in Sources */ = {isa = PBXBuildFile; fileRef = 487275011A1DE6E1001F28B8 /* BrainStormTests.m */; };
		4872750E1A1DE8DF001F28B8 /* BSViewController.xib in Resources */ = {isa = PBXBuildFile; fileRef = 4872750D1A1DE8DF001F28B8 /* BSViewController.xib */; };
/* End PBXBuildFile section */

/* Begin PBXContainerItemProxy section */
		487274F91A1DE6E1001F28B8 /* PBXContainerItemProxy */ = {
			isa = PBXContainerItemProxy;
			containerPortal = 487274CB1A1DE6E1001F28B8 /* Project object */;
			proxyType = 1;
			remoteGlobalIDString = 487274D21A1DE6E1001F28B8;
			remoteInfo = BrainStorm;
		};
/* End PBXContainerItemProxy section */

/* Begin PBXFileReference section */
		48488E3D1A1EF08600D6A3E4 /* BSNavigationController.h */ = {isa = PBXFileReference; fileEncoding = 4; lastKnownFileType = sourcecode.c.h; path = BSNavigationController.h; sourceTree = "<group>"; };
		48488E3E1A1EF08600D6A3E4 /* BSNavigationController.m */ = {isa = PBXFileReference; fileEncoding = 4; lastKnownFileType = sourcecode.c.objc; path = BSNavigationController.m; sourceTree = "<group>"; };
		48488E471A1F2CE400D6A3E4 /* OBDragDrop.h */ = {isa = PBXFileReference; fileEncoding = 4; lastKnownFileType = sourcecode.c.h; path = OBDragDrop.h; sourceTree = "<group>"; };
		48488E481A1F2CE400D6A3E4 /* OBDragDropManager.h */ = {isa = PBXFileReference; fileEncoding = 4; lastKnownFileType = sourcecode.c.h; path = OBDragDropManager.h; sourceTree = "<group>"; };
		48488E491A1F2CE400D6A3E4 /* OBDragDropManager.m */ = {isa = PBXFileReference; fileEncoding = 4; lastKnownFileType = sourcecode.c.objc; path = OBDragDropManager.m; sourceTree = "<group>"; };
		48488E4A1A1F2CE400D6A3E4 /* OBDragDropProtocol.h */ = {isa = PBXFileReference; fileEncoding = 4; lastKnownFileType = sourcecode.c.h; path = OBDragDropProtocol.h; sourceTree = "<group>"; };
		48488E4B1A1F2CE400D6A3E4 /* OBLongPressDragDropGestureRecognizer.h */ = {isa = PBXFileReference; fileEncoding = 4; lastKnownFileType = sourcecode.c.h; path = OBLongPressDragDropGestureRecognizer.h; sourceTree = "<group>"; };
		48488E4C1A1F2CE400D6A3E4 /* OBLongPressDragDropGestureRecognizer.m */ = {isa = PBXFileReference; fileEncoding = 4; lastKnownFileType = sourcecode.c.objc; path = OBLongPressDragDropGestureRecognizer.m; sourceTree = "<group>"; };
		48488E4D1A1F2CE400D6A3E4 /* UIGestureRecognizer+OBDragDrop.h */ = {isa = PBXFileReference; fileEncoding = 4; lastKnownFileType = sourcecode.c.h; path = "UIGestureRecognizer+OBDragDrop.h"; sourceTree = "<group>"; };
		48488E4E1A1F2CE400D6A3E4 /* UIGestureRecognizer+OBDragDrop.m */ = {isa = PBXFileReference; fileEncoding = 4; lastKnownFileType = sourcecode.c.objc; path = "UIGestureRecognizer+OBDragDrop.m"; sourceTree = "<group>"; };
		48488E4F1A1F2CE400D6A3E4 /* UIView+OBDropZone.h */ = {isa = PBXFileReference; fileEncoding = 4; lastKnownFileType = sourcecode.c.h; path = "UIView+OBDropZone.h"; sourceTree = "<group>"; };
		48488E501A1F2CE400D6A3E4 /* UIView+OBDropZone.m */ = {isa = PBXFileReference; fileEncoding = 4; lastKnownFileType = sourcecode.c.objc; path = "UIView+OBDropZone.m"; sourceTree = "<group>"; };
		487274D31A1DE6E1001F28B8 /* BrainStorm.app */ = {isa = PBXFileReference; explicitFileType = wrapper.application; includeInIndex = 0; path = BrainStorm.app; sourceTree = BUILT_PRODUCTS_DIR; };
		487274D61A1DE6E1001F28B8 /* Foundation.framework */ = {isa = PBXFileReference; lastKnownFileType = wrapper.framework; name = Foundation.framework; path = System/Library/Frameworks/Foundation.framework; sourceTree = SDKROOT; };
		487274D81A1DE6E1001F28B8 /* CoreGraphics.framework */ = {isa = PBXFileReference; lastKnownFileType = wrapper.framework; name = CoreGraphics.framework; path = System/Library/Frameworks/CoreGraphics.framework; sourceTree = SDKROOT; };
		487274DA1A1DE6E1001F28B8 /* UIKit.framework */ = {isa = PBXFileReference; lastKnownFileType = wrapper.framework; name = UIKit.framework; path = System/Library/Frameworks/UIKit.framework; sourceTree = SDKROOT; };
		487274DE1A1DE6E1001F28B8 /* BrainStorm-Info.plist */ = {isa = PBXFileReference; lastKnownFileType = text.plist.xml; path = "BrainStorm-Info.plist"; sourceTree = "<group>"; };
		487274E01A1DE6E1001F28B8 /* en */ = {isa = PBXFileReference; lastKnownFileType = text.plist.strings; name = en; path = en.lproj/InfoPlist.strings; sourceTree = "<group>"; };
		487274E21A1DE6E1001F28B8 /* main.m */ = {isa = PBXFileReference; lastKnownFileType = sourcecode.c.objc; path = main.m; sourceTree = "<group>"; };
		487274E41A1DE6E1001F28B8 /* BrainStorm-Prefix.pch */ = {isa = PBXFileReference; lastKnownFileType = sourcecode.c.h; path = "BrainStorm-Prefix.pch"; sourceTree = "<group>"; };
		487274E51A1DE6E1001F28B8 /* BSAppDelegate.h */ = {isa = PBXFileReference; lastKnownFileType = sourcecode.c.h; path = BSAppDelegate.h; sourceTree = "<group>"; };
		487274E61A1DE6E1001F28B8 /* BSAppDelegate.m */ = {isa = PBXFileReference; lastKnownFileType = sourcecode.c.objc; path = BSAppDelegate.m; sourceTree = "<group>"; };
		487274EB1A1DE6E1001F28B8 /* BSViewController.h */ = {isa = PBXFileReference; lastKnownFileType = sourcecode.c.h; path = BSViewController.h; sourceTree = "<group>"; };
		487274EC1A1DE6E1001F28B8 /* BSViewController.m */ = {isa = PBXFileReference; lastKnownFileType = sourcecode.c.objc; path = BSViewController.m; sourceTree = "<group>"; };
		487274EE1A1DE6E1001F28B8 /* Images.xcassets */ = {isa = PBXFileReference; lastKnownFileType = folder.assetcatalog; path = Images.xcassets; sourceTree = "<group>"; };
		487274F41A1DE6E1001F28B8 /* BrainStormTests.xctest */ = {isa = PBXFileReference; explicitFileType = wrapper.cfbundle; includeInIndex = 0; path = BrainStormTests.xctest; sourceTree = BUILT_PRODUCTS_DIR; };
		487274F51A1DE6E1001F28B8 /* XCTest.framework */ = {isa = PBXFileReference; lastKnownFileType = wrapper.framework; name = XCTest.framework; path = Library/Frameworks/XCTest.framework; sourceTree = DEVELOPER_DIR; };
		487274FD1A1DE6E1001F28B8 /* BrainStormTests-Info.plist */ = {isa = PBXFileReference; lastKnownFileType = text.plist.xml; path = "BrainStormTests-Info.plist"; sourceTree = "<group>"; };
		487274FF1A1DE6E1001F28B8 /* en */ = {isa = PBXFileReference; lastKnownFileType = text.plist.strings; name = en; path = en.lproj/InfoPlist.strings; sourceTree = "<group>"; };
		487275011A1DE6E1001F28B8 /* BrainStormTests.m */ = {isa = PBXFileReference; lastKnownFileType = sourcecode.c.objc; path = BrainStormTests.m; sourceTree = "<group>"; };
		4872750B1A1DE783001F28B8 /* zh-Hans */ = {isa = PBXFileReference; lastKnownFileType = text.plist.strings; name = "zh-Hans"; path = "zh-Hans.lproj/InfoPlist.strings"; sourceTree = "<group>"; };
		4872750C1A1DE783001F28B8 /* zh-Hans */ = {isa = PBXFileReference; lastKnownFileType = text.plist.strings; name = "zh-Hans"; path = "zh-Hans.lproj/InfoPlist.strings"; sourceTree = "<group>"; };
		4872750D1A1DE8DF001F28B8 /* BSViewController.xib */ = {isa = PBXFileReference; fileEncoding = 4; lastKnownFileType = file.xib; path = BSViewController.xib; sourceTree = "<group>"; };
/* End PBXFileReference section */

/* Begin PBXFrameworksBuildPhase section */
		487274D01A1DE6E1001F28B8 /* Frameworks */ = {
			isa = PBXFrameworksBuildPhase;
			buildActionMask = 2147483647;
			files = (
				487274D91A1DE6E1001F28B8 /* CoreGraphics.framework in Frameworks */,
				487274DB1A1DE6E1001F28B8 /* UIKit.framework in Frameworks */,
				487274D71A1DE6E1001F28B8 /* Foundation.framework in Frameworks */,
			);
			runOnlyForDeploymentPostprocessing = 0;
		};
		487274F11A1DE6E1001F28B8 /* Frameworks */ = {
			isa = PBXFrameworksBuildPhase;
			buildActionMask = 2147483647;
			files = (
				487274F61A1DE6E1001F28B8 /* XCTest.framework in Frameworks */,
				487274F81A1DE6E1001F28B8 /* UIKit.framework in Frameworks */,
				487274F71A1DE6E1001F28B8 /* Foundation.framework in Frameworks */,
			);
			runOnlyForDeploymentPostprocessing = 0;
		};
/* End PBXFrameworksBuildPhase section */

/* Begin PBXGroup section */
		48488E461A1F2CE400D6A3E4 /* OBDragDrop */ = {
			isa = PBXGroup;
			children = (
				48488E471A1F2CE400D6A3E4 /* OBDragDrop.h */,
				48488E481A1F2CE400D6A3E4 /* OBDragDropManager.h */,
				48488E491A1F2CE400D6A3E4 /* OBDragDropManager.m */,
				48488E4A1A1F2CE400D6A3E4 /* OBDragDropProtocol.h */,
				48488E4B1A1F2CE400D6A3E4 /* OBLongPressDragDropGestureRecognizer.h */,
				48488E4C1A1F2CE400D6A3E4 /* OBLongPressDragDropGestureRecognizer.m */,
				48488E4D1A1F2CE400D6A3E4 /* UIGestureRecognizer+OBDragDrop.h */,
				48488E4E1A1F2CE400D6A3E4 /* UIGestureRecognizer+OBDragDrop.m */,
				48488E4F1A1F2CE400D6A3E4 /* UIView+OBDropZone.h */,
				48488E501A1F2CE400D6A3E4 /* UIView+OBDropZone.m */,
			);
			path = OBDragDrop;
			sourceTree = "<group>";
		};
		487274CA1A1DE6E1001F28B8 = {
			isa = PBXGroup;
			children = (
				487274DC1A1DE6E1001F28B8 /* BrainStorm */,
				487274FB1A1DE6E1001F28B8 /* BrainStormTests */,
				487274D51A1DE6E1001F28B8 /* Frameworks */,
				487274D41A1DE6E1001F28B8 /* Products */,
			);
			sourceTree = "<group>";
		};
		487274D41A1DE6E1001F28B8 /* Products */ = {
			isa = PBXGroup;
			children = (
				487274D31A1DE6E1001F28B8 /* BrainStorm.app */,
				487274F41A1DE6E1001F28B8 /* BrainStormTests.xctest */,
			);
			name = Products;
			sourceTree = "<group>";
		};
		487274D51A1DE6E1001F28B8 /* Frameworks */ = {
			isa = PBXGroup;
			children = (
				487274D61A1DE6E1001F28B8 /* Foundation.framework */,
				487274D81A1DE6E1001F28B8 /* CoreGraphics.framework */,
				487274DA1A1DE6E1001F28B8 /* UIKit.framework */,
				487274F51A1DE6E1001F28B8 /* XCTest.framework */,
			);
			name = Frameworks;
			sourceTree = "<group>";
		};
		487274DC1A1DE6E1001F28B8 /* BrainStorm */ = {
			isa = PBXGroup;
			children = (
				48488E461A1F2CE400D6A3E4 /* OBDragDrop */,
				487274E51A1DE6E1001F28B8 /* BSAppDelegate.h */,
				487274E61A1DE6E1001F28B8 /* BSAppDelegate.m */,
				487274EB1A1DE6E1001F28B8 /* BSViewController.h */,
				487274EC1A1DE6E1001F28B8 /* BSViewController.m */,
				4872750D1A1DE8DF001F28B8 /* BSViewController.xib */,
				487274EE1A1DE6E1001F28B8 /* Images.xcassets */,
				487274DD1A1DE6E1001F28B8 /* Supporting Files */,
				48488E3D1A1EF08600D6A3E4 /* BSNavigationController.h */,
				48488E3E1A1EF08600D6A3E4 /* BSNavigationController.m */,
			);
			path = BrainStorm;
			sourceTree = "<group>";
		};
		487274DD1A1DE6E1001F28B8 /* Supporting Files */ = {
			isa = PBXGroup;
			children = (
				487274DE1A1DE6E1001F28B8 /* BrainStorm-Info.plist */,
				487274DF1A1DE6E1001F28B8 /* InfoPlist.strings */,
				487274E21A1DE6E1001F28B8 /* main.m */,
				487274E41A1DE6E1001F28B8 /* BrainStorm-Prefix.pch */,
			);
			name = "Supporting Files";
			sourceTree = "<group>";
		};
		487274FB1A1DE6E1001F28B8 /* BrainStormTests */ = {
			isa = PBXGroup;
			children = (
				487275011A1DE6E1001F28B8 /* BrainStormTests.m */,
				487274FC1A1DE6E1001F28B8 /* Supporting Files */,
			);
			path = BrainStormTests;
			sourceTree = "<group>";
		};
		487274FC1A1DE6E1001F28B8 /* Supporting Files */ = {
			isa = PBXGroup;
			children = (
				487274FD1A1DE6E1001F28B8 /* BrainStormTests-Info.plist */,
				487274FE1A1DE6E1001F28B8 /* InfoPlist.strings */,
			);
			name = "Supporting Files";
			sourceTree = "<group>";
		};
/* End PBXGroup section */

/* Begin PBXNativeTarget section */
		487274D21A1DE6E1001F28B8 /* BrainStorm */ = {
			isa = PBXNativeTarget;
			buildConfigurationList = 487275051A1DE6E1001F28B8 /* Build configuration list for PBXNativeTarget "BrainStorm" */;
			buildPhases = (
				487274CF1A1DE6E1001F28B8 /* Sources */,
				487274D01A1DE6E1001F28B8 /* Frameworks */,
				487274D11A1DE6E1001F28B8 /* Resources */,
			);
			buildRules = (
			);
			dependencies = (
			);
			name = BrainStorm;
			productName = BrainStorm;
			productReference = 487274D31A1DE6E1001F28B8 /* BrainStorm.app */;
			productType = "com.apple.product-type.application";
		};
		487274F31A1DE6E1001F28B8 /* BrainStormTests */ = {
			isa = PBXNativeTarget;
			buildConfigurationList = 487275081A1DE6E1001F28B8 /* Build configuration list for PBXNativeTarget "BrainStormTests" */;
			buildPhases = (
				487274F01A1DE6E1001F28B8 /* Sources */,
				487274F11A1DE6E1001F28B8 /* Frameworks */,
				487274F21A1DE6E1001F28B8 /* Resources */,
			);
			buildRules = (
			);
			dependencies = (
				487274FA1A1DE6E1001F28B8 /* PBXTargetDependency */,
			);
			name = BrainStormTests;
			productName = BrainStormTests;
			productReference = 487274F41A1DE6E1001F28B8 /* BrainStormTests.xctest */;
			productType = "com.apple.product-type.bundle.unit-test";
		};
/* End PBXNativeTarget section */

/* Begin PBXProject section */
		487274CB1A1DE6E1001F28B8 /* Project object */ = {
			isa = PBXProject;
			attributes = {
				CLASSPREFIX = BS;
				LastUpgradeCheck = 0510;
				ORGANIZATIONNAME = daozhu;
				TargetAttributes = {
					487274F31A1DE6E1001F28B8 = {
						TestTargetID = 487274D21A1DE6E1001F28B8;
					};
				};
			};
			buildConfigurationList = 487274CE1A1DE6E1001F28B8 /* Build configuration list for PBXProject "BrainStorm" */;
			compatibilityVersion = "Xcode 3.2";
			developmentRegion = English;
			hasScannedForEncodings = 0;
			knownRegions = (
				en,
				Base,
				"zh-Hans",
			);
			mainGroup = 487274CA1A1DE6E1001F28B8;
			productRefGroup = 487274D41A1DE6E1001F28B8 /* Products */;
			projectDirPath = "";
			projectRoot = "";
			targets = (
				487274D21A1DE6E1001F28B8 /* BrainStorm */,
				487274F31A1DE6E1001F28B8 /* BrainStormTests */,
			);
		};
/* End PBXProject section */

/* Begin PBXResourcesBuildPhase section */
		487274D11A1DE6E1001F28B8 /* Resources */ = {
			isa = PBXResourcesBuildPhase;
			buildActionMask = 2147483647;
			files = (
				487274EF1A1DE6E1001F28B8 /* Images.xcassets in Resources */,
				4872750E1A1DE8DF001F28B8 /* BSViewController.xib in Resources */,
				487274E11A1DE6E1001F28B8 /* InfoPlist.strings in Resources */,
			);
			runOnlyForDeploymentPostprocessing = 0;
		};
		487274F21A1DE6E1001F28B8 /* Resources */ = {
			isa = PBXResourcesBuildPhase;
			buildActionMask = 2147483647;
			files = (
				487275001A1DE6E1001F28B8 /* InfoPlist.strings in Resources */,
			);
			runOnlyForDeploymentPostprocessing = 0;
		};
/* End PBXResourcesBuildPhase section */

/* Begin PBXSourcesBuildPhase section */
		487274CF1A1DE6E1001F28B8 /* Sources */ = {
			isa = PBXSourcesBuildPhase;
			buildActionMask = 2147483647;
			files = (
				48488E3F1A1EF08600D6A3E4 /* BSNavigationController.m in Sources */,
				48488E521A1F2CE400D6A3E4 /* OBLongPressDragDropGestureRecognizer.m in Sources */,
				487274ED1A1DE6E1001F28B8 /* BSViewController.m in Sources */,
				487274E31A1DE6E1001F28B8 /* main.m in Sources */,
				48488E541A1F2CE400D6A3E4 /* UIView+OBDropZone.m in Sources */,
				48488E531A1F2CE400D6A3E4 /* UIGestureRecognizer+OBDragDrop.m in Sources */,
				487274E71A1DE6E1001F28B8 /* BSAppDelegate.m in Sources */,
				48488E511A1F2CE400D6A3E4 /* OBDragDropManager.m in Sources */,
			);
			runOnlyForDeploymentPostprocessing = 0;
		};
		487274F01A1DE6E1001F28B8 /* Sources */ = {
			isa = PBXSourcesBuildPhase;
			buildActionMask = 2147483647;
			files = (
				487275021A1DE6E1001F28B8 /* BrainStormTests.m in Sources */,
			);
			runOnlyForDeploymentPostprocessing = 0;
		};
/* End PBXSourcesBuildPhase section */

/* Begin PBXTargetDependency section */
		487274FA1A1DE6E1001F28B8 /* PBXTargetDependency */ = {
			isa = PBXTargetDependency;
			target = 487274D21A1DE6E1001F28B8 /* BrainStorm */;
			targetProxy = 487274F91A1DE6E1001F28B8 /* PBXContainerItemProxy */;
		};
/* End PBXTargetDependency section */

/* Begin PBXVariantGroup section */
		487274DF1A1DE6E1001F28B8 /* InfoPlist.strings */ = {
			isa = PBXVariantGroup;
			children = (
				487274E01A1DE6E1001F28B8 /* en */,
				4872750B1A1DE783001F28B8 /* zh-Hans */,
			);
			name = InfoPlist.strings;
			sourceTree = "<group>";
		};
		487274FE1A1DE6E1001F28B8 /* InfoPlist.strings */ = {
			isa = PBXVariantGroup;
			children = (
				487274FF1A1DE6E1001F28B8 /* en */,
				4872750C1A1DE783001F28B8 /* zh-Hans */,
			);
			name = InfoPlist.strings;
			sourceTree = "<group>";
		};
/* End PBXVariantGroup section */

/* Begin XCBuildConfiguration section */
		487275031A1DE6E1001F28B8 /* Debug */ = {
			isa = XCBuildConfiguration;
			buildSettings = {
				ALWAYS_SEARCH_USER_PATHS = NO;
				CLANG_CXX_LANGUAGE_STANDARD = "gnu++0x";
				CLANG_CXX_LIBRARY = "libc++";
				CLANG_ENABLE_MODULES = YES;
				CLANG_ENABLE_OBJC_ARC = YES;
				CLANG_WARN_BOOL_CONVERSION = YES;
				CLANG_WARN_CONSTANT_CONVERSION = YES;
				CLANG_WARN_DIRECT_OBJC_ISA_USAGE = YES_ERROR;
				CLANG_WARN_EMPTY_BODY = YES;
				CLANG_WARN_ENUM_CONVERSION = YES;
				CLANG_WARN_INT_CONVERSION = YES;
				CLANG_WARN_OBJC_ROOT_CLASS = YES_ERROR;
				CLANG_WARN__DUPLICATE_METHOD_MATCH = YES;
				"CODE_SIGN_IDENTITY[sdk=iphoneos*]" = "iPhone Developer";
				COPY_PHASE_STRIP = NO;
				GCC_C_LANGUAGE_STANDARD = gnu99;
				GCC_DYNAMIC_NO_PIC = NO;
				GCC_OPTIMIZATION_LEVEL = 0;
				GCC_PREPROCESSOR_DEFINITIONS = (
					"DEBUG=1",
					"$(inherited)",
				);
				GCC_SYMBOLS_PRIVATE_EXTERN = NO;
				GCC_WARN_64_TO_32_BIT_CONVERSION = YES;
				GCC_WARN_ABOUT_RETURN_TYPE = YES_ERROR;
				GCC_WARN_UNDECLARED_SELECTOR = YES;
				GCC_WARN_UNINITIALIZED_AUTOS = YES_AGGRESSIVE;
				GCC_WARN_UNUSED_FUNCTION = YES;
				GCC_WARN_UNUSED_VARIABLE = YES;
				IPHONEOS_DEPLOYMENT_TARGET = 7.1;
				ONLY_ACTIVE_ARCH = YES;
				SDKROOT = iphoneos;
				TARGETED_DEVICE_FAMILY = 2;
			};
			name = Debug;
		};
		487275041A1DE6E1001F28B8 /* Release */ = {
			isa = XCBuildConfiguration;
			buildSettings = {
				ALWAYS_SEARCH_USER_PATHS = NO;
				CLANG_CXX_LANGUAGE_STANDARD = "gnu++0x";
				CLANG_CXX_LIBRARY = "libc++";
				CLANG_ENABLE_MODULES = YES;
				CLANG_ENABLE_OBJC_ARC = YES;
				CLANG_WARN_BOOL_CONVERSION = YES;
				CLANG_WARN_CONSTANT_CONVERSION = YES;
				CLANG_WARN_DIRECT_OBJC_ISA_USAGE = YES_ERROR;
				CLANG_WARN_EMPTY_BODY = YES;
				CLANG_WARN_ENUM_CONVERSION = YES;
				CLANG_WARN_INT_CONVERSION = YES;
				CLANG_WARN_OBJC_ROOT_CLASS = YES_ERROR;
				CLANG_WARN__DUPLICATE_METHOD_MATCH = YES;
				"CODE_SIGN_IDENTITY[sdk=iphoneos*]" = "iPhone Developer";
				COPY_PHASE_STRIP = YES;
				ENABLE_NS_ASSERTIONS = NO;
				GCC_C_LANGUAGE_STANDARD = gnu99;
				GCC_WARN_64_TO_32_BIT_CONVERSION = YES;
				GCC_WARN_ABOUT_RETURN_TYPE = YES_ERROR;
				GCC_WARN_UNDECLARED_SELECTOR = YES;
				GCC_WARN_UNINITIALIZED_AUTOS = YES_AGGRESSIVE;
				GCC_WARN_UNUSED_FUNCTION = YES;
				GCC_WARN_UNUSED_VARIABLE = YES;
				IPHONEOS_DEPLOYMENT_TARGET = 7.1;
				SDKROOT = iphoneos;
				TARGETED_DEVICE_FAMILY = 2;
				VALIDATE_PRODUCT = YES;
			};
			name = Release;
		};
		487275061A1DE6E1001F28B8 /* Debug */ = {
			isa = XCBuildConfiguration;
			buildSettings = {
				ASSETCATALOG_COMPILER_APPICON_NAME = AppIcon;
				ASSETCATALOG_COMPILER_LAUNCHIMAGE_NAME = LaunchImage;
				GCC_PRECOMPILE_PREFIX_HEADER = YES;
				GCC_PREFIX_HEADER = "BrainStorm/BrainStorm-Prefix.pch";
				INFOPLIST_FILE = "BrainStorm/BrainStorm-Info.plist";
				IPHONEOS_DEPLOYMENT_TARGET = 7.1;
				PRODUCT_NAME = "$(TARGET_NAME)";
				TARGETED_DEVICE_FAMILY = 2;
				WRAPPER_EXTENSION = app;
			};
			name = Debug;
		};
		487275071A1DE6E1001F28B8 /* Release */ = {
			isa = XCBuildConfiguration;
			buildSettings = {
				ASSETCATALOG_COMPILER_APPICON_NAME = AppIcon;
				ASSETCATALOG_COMPILER_LAUNCHIMAGE_NAME = LaunchImage;
				GCC_PRECOMPILE_PREFIX_HEADER = YES;
				GCC_PREFIX_HEADER = "BrainStorm/BrainStorm-Prefix.pch";
				INFOPLIST_FILE = "BrainStorm/BrainStorm-Info.plist";
				IPHONEOS_DEPLOYMENT_TARGET = 7.1;
				PRODUCT_NAME = "$(TARGET_NAME)";
				TARGETED_DEVICE_FAMILY = 2;
				WRAPPER_EXTENSION = app;
			};
			name = Release;
		};
		487275091A1DE6E1001F28B8 /* Debug */ = {
			isa = XCBuildConfiguration;
			buildSettings = {
				BUNDLE_LOADER = "$(BUILT_PRODUCTS_DIR)/BrainStorm.app/BrainStorm";
				FRAMEWORK_SEARCH_PATHS = (
					"$(SDKROOT)/Developer/Library/Frameworks",
					"$(inherited)",
					"$(DEVELOPER_FRAMEWORKS_DIR)",
				);
				GCC_PRECOMPILE_PREFIX_HEADER = YES;
				GCC_PREFIX_HEADER = "BrainStorm/BrainStorm-Prefix.pch";
				GCC_PREPROCESSOR_DEFINITIONS = (
					"DEBUG=1",
					"$(inherited)",
				);
				INFOPLIST_FILE = "BrainStormTests/BrainStormTests-Info.plist";
				PRODUCT_NAME = "$(TARGET_NAME)";
				TEST_HOST = "$(BUNDLE_LOADER)";
				WRAPPER_EXTENSION = xctest;
			};
			name = Debug;
		};
		4872750A1A1DE6E1001F28B8 /* Release */ = {
			isa = XCBuildConfiguration;
			buildSettings = {
				BUNDLE_LOADER = "$(BUILT_PRODUCTS_DIR)/BrainStorm.app/BrainStorm";
				FRAMEWORK_SEARCH_PATHS = (
					"$(SDKROOT)/Developer/Library/Frameworks",
					"$(inherited)",
					"$(DEVELOPER_FRAMEWORKS_DIR)",
				);
				GCC_PRECOMPILE_PREFIX_HEADER = YES;
				GCC_PREFIX_HEADER = "BrainStorm/BrainStorm-Prefix.pch";
				INFOPLIST_FILE = "BrainStormTests/BrainStormTests-Info.plist";
				PRODUCT_NAME = "$(TARGET_NAME)";
				TEST_HOST = "$(BUNDLE_LOADER)";
				WRAPPER_EXTENSION = xctest;
			};
			name = Release;
		};
/* End XCBuildConfiguration section */

/* Begin XCConfigurationList section */
		487274CE1A1DE6E1001F28B8 /* Build configuration list for PBXProject "BrainStorm" */ = {
			isa = XCConfigurationList;
			buildConfigurations = (
				487275031A1DE6E1001F28B8 /* Debug */,
				487275041A1DE6E1001F28B8 /* Release */,
			);
			defaultConfigurationIsVisible = 0;
			defaultConfigurationName = Release;
		};
		487275051A1DE6E1001F28B8 /* Build configuration list for PBXNativeTarget "BrainStorm" */ = {
			isa = XCConfigurationList;
			buildConfigurations = (
				487275061A1DE6E1001F28B8 /* Debug */,
				487275071A1DE6E1001F28B8 /* Release */,
			);
			defaultConfigurationIsVisible = 0;
			defaultConfigurationName = Release;
		};
		487275081A1DE6E1001F28B8 /* Build configuration list for PBXNativeTarget "BrainStormTests" */ = {
			isa = XCConfigurationList;
			buildConfigurations = (
				487275091A1DE6E1001F28B8 /* Debug */,
				4872750A1A1DE6E1001F28B8 /* Release */,
			);
			defaultConfigurationIsVisible = 0;
			defaultConfigurationName = Release;
		};
/* End XCConfigurationList section */
	};
	rootObject = 487274CB1A1DE6E1001F28B8 /* Project object */;
}
